{
  "name": "ddg.core",
  "version": "1.0.0",
  "lockfileVersion": 3,
  "requires": true,
  "packages": {
    "": {
      "name": "ddg.core",
      "version": "1.0.0",
      "license": "MIT",
      "dependencies": {
        "vec3": "^0.1.10"
      }
    },
    "node_modules/vec3": {
      "version": "0.1.10",
      "resolved": "https://registry.npmjs.org/vec3/-/vec3-0.1.10.tgz",
      "integrity": "sha512-Sr1U3mYtMqCOonGd3LAN9iqy0qF6C+Gjil92awyK/i2OwiUo9bm7PnLgFpafymun50mOjnDcg4ToTgRssrlTcw==",
      "license": "BSD"
    }
  }
}
